
Microsoft Visual Studio Solution File, Format Version 12.00
# Visual Studio Version 17
VisualStudioVersion = 17.0.31903.59
MinimumVisualStudioVersion = 10.0.40219.1
Project("{9A19103F-16F7-4668-BE54-9A1E7A4F7556}") = "Common", "Common\Common.csproj", "{05B269DC-542E-4BDC-B54A-9664B0687806}"
EndProject
Project("{9A19103F-16F7-4668-BE54-9A1E7A4F7556}") = "Sender1_Frutas", "Sender1_Frutas\Sender1_Frutas.csproj", "{E62A68E9-59C9-4659-B8A9-DEFDCE3C5DD0}"
EndProject
Project("{9A19103F-16F7-4668-BE54-9A1E7A4F7556}") = "Sender2_Usuario", "Sender2_Usuario\Sender2_Usuario.csproj", "{F0947099-5BE6-42E7-A568-13D6F9177E30}"
EndProject
Project("{9A19103F-16F7-4668-BE54-9A1E7A4F7556}") = "Validation", "Validation\Validation.csproj", "{3FF312A6-5CA6-4886-AA4E-8F12D46B3FCA}"
EndProject
Project("{9A19103F-16F7-4668-BE54-9A1E7A4F7556}") = "Receiver1_Frutas", "Receiver1_Frutas\Receiver1_Frutas.csproj", "{A25CDF9D-AE51-4790-A6BE-7FE89F5521EF}"
EndProject
Project("{9A19103F-16F7-4668-BE54-9A1E7A4F7556}") = "Receiver2_Usuario", "Receiver2_Usuario\Receiver2_Usuario.csproj", "{CDC1328D-43C7-4EAF-A2F2-126C57F8C90A}"
EndProject
Global
	GlobalSection(SolutionConfigurationPlatforms) = preSolution
		Debug|Any CPU = Debug|Any CPU
		Release|Any CPU = Release|Any CPU
	EndGlobalSection
	GlobalSection(ProjectConfigurationPlatforms) = postSolution
		{05B269DC-542E-4BDC-B54A-9664B0687806}.Debug|Any CPU.ActiveCfg = Debug|Any CPU
		{05B269DC-542E-4BDC-B54A-9664B0687806}.Debug|Any CPU.Build.0 = Debug|Any CPU
		{05B269DC-542E-4BDC-B54A-9664B0687806}.Release|Any CPU.ActiveCfg = Release|Any CPU
		{05B269DC-542E-4BDC-B54A-9664B0687806}.Release|Any CPU.Build.0 = Release|Any CPU
		{E62A68E9-59C9-4659-B8A9-DEFDCE3C5DD0}.Debug|Any CPU.ActiveCfg = Debug|Any CPU
		{E62A68E9-59C9-4659-B8A9-DEFDCE3C5DD0}.Debug|Any CPU.Build.0 = Debug|Any CPU
		{E62A68E9-59C9-4659-B8A9-DEFDCE3C5DD0}.Release|Any CPU.ActiveCfg = Release|Any CPU
		{E62A68E9-59C9-4659-B8A9-DEFDCE3C5DD0}.Release|Any CPU.Build.0 = Release|Any CPU
		{F0947099-5BE6-42E7-A568-13D6F9177E30}.Debug|Any CPU.ActiveCfg = Debug|Any CPU
		{F0947099-5BE6-42E7-A568-13D6F9177E30}.Debug|Any CPU.Build.0 = Debug|Any CPU
		{F0947099-5BE6-42E7-A568-13D6F9177E30}.Release|Any CPU.ActiveCfg = Release|Any CPU
		{F0947099-5BE6-42E7-A568-13D6F9177E30}.Release|Any CPU.Build.0 = Release|Any CPU
		{3FF312A6-5CA6-4886-AA4E-8F12D46B3FCA}.Debug|Any CPU.ActiveCfg = Debug|Any CPU
		{3FF312A6-5CA6-4886-AA4E-8F12D46B3FCA}.Debug|Any CPU.Build.0 = Debug|Any CPU
		{3FF312A6-5CA6-4886-AA4E-8F12D46B3FCA}.Release|Any CPU.ActiveCfg = Release|Any CPU
		{3FF312A6-5CA6-4886-AA4E-8F12D46B3FCA}.Release|Any CPU.Build.0 = Release|Any CPU
		{A25CDF9D-AE51-4790-A6BE-7FE89F5521EF}.Debug|Any CPU.ActiveCfg = Debug|Any CPU
		{A25CDF9D-AE51-4790-A6BE-7FE89F5521EF}.Debug|Any CPU.Build.0 = Debug|Any CPU
		{A25CDF9D-AE51-4790-A6BE-7FE89F5521EF}.Release|Any CPU.ActiveCfg = Release|Any CPU
		{A25CDF9D-AE51-4790-A6BE-7FE89F5521EF}.Release|Any CPU.Build.0 = Release|Any CPU
		{CDC1328D-43C7-4EAF-A2F2-126C57F8C90A}.Debug|Any CPU.ActiveCfg = Debug|Any CPU
		{CDC1328D-43C7-4EAF-A2F2-126C57F8C90A}.Debug|Any CPU.Build.0 = Debug|Any CPU
		{CDC1328D-43C7-4EAF-A2F2-126C57F8C90A}.Release|Any CPU.ActiveCfg = Release|Any CPU
		{CDC1328D-43C7-4EAF-A2F2-126C57F8C90A}.Release|Any CPU.Build.0 = Release|Any CPU
	EndGlobalSection
	GlobalSection(SolutionProperties) = preSolution
		HideSolutionNode = FALSE
	EndGlobalSection
	GlobalSection(ExtensibilityGlobals) = postSolution
		SolutionGuid = {611C5218-658E-4E8F-8197-652FB040CDBB}
	EndGlobalSection
EndGlobal
